
Microsoft Visual Studio Solution File, Format Version 12.00
# Visual Studio Version 17
VisualStudioVersion = 17.1.32421.90
MinimumVisualStudioVersion = 10.0.40219.1
Project("{FAE04EC0-301F-11D3-BF4B-00C04F79EFBC}") = "dev.UWP", "dev\dev.UWP\dev.UWP.csproj", "{1EC1CF0A-2F18-40F0-8A64-937ACAC85427}"
EndProject
Project("{FAE04EC0-301F-11D3-BF4B-00C04F79EFBC}") = "dev.Android", "dev\dev.Android\dev.Android.csproj", "{2A324B61-D151-4BC1-A9C6-C656FA885930}"
EndProject
Project("{9A19103F-16F7-4668-BE54-9A1E7A4F7556}") = "dev", "dev\dev\dev.csproj", "{9A96FE7A-6541-4D84-A4E3-0DD4DC9F30A9}"
EndProject
Global
	GlobalSection(SolutionConfigurationPlatforms) = preSolution
		Debug|Any CPU = Debug|Any CPU
		Debug|ARM = Debug|ARM
		Debug|x64 = Debug|x64
		Debug|x86 = Debug|x86
		Release|Any CPU = Release|Any CPU
		Release|ARM = Release|ARM
		Release|x64 = Release|x64
		Release|x86 = Release|x86
	EndGlobalSection
	GlobalSection(ProjectConfigurationPlatforms) = postSolution
		{1EC1CF0A-2F18-40F0-8A64-937ACAC85427}.Debug|Any CPU.ActiveCfg = Debug|x64
		{1EC1CF0A-2F18-40F0-8A64-937ACAC85427}.Debug|Any CPU.Build.0 = Debug|x64
		{1EC1CF0A-2F18-40F0-8A64-937ACAC85427}.Debug|Any CPU.Deploy.0 = Debug|x64
		{1EC1CF0A-2F18-40F0-8A64-937ACAC85427}.Debug|ARM.ActiveCfg = Debug|ARM
		{1EC1CF0A-2F18-40F0-8A64-937ACAC85427}.Debug|ARM.Build.0 = Debug|ARM
		{1EC1CF0A-2F18-40F0-8A64-937ACAC85427}.Debug|ARM.Deploy.0 = Debug|ARM
		{1EC1CF0A-2F18-40F0-8A64-937ACAC85427}.Debug|x64.ActiveCfg = Debug|x64
		{1EC1CF0A-2F18-40F0-8A64-937ACAC85427}.Debug|x64.Build.0 = Debug|x64
		{1EC1CF0A-2F18-40F0-8A64-937ACAC85427}.Debug|x64.Deploy.0 = Debug|x64
		{1EC1CF0A-2F18-40F0-8A64-937ACAC85427}.Debug|x86.ActiveCfg = Debug|x86
		{1EC1CF0A-2F18-40F0-8A64-937ACAC85427}.Debug|x86.Build.0 = Debug|x86
		{1EC1CF0A-2F18-40F0-8A64-937ACAC85427}.Debug|x86.Deploy.0 = Debug|x86
		{1EC1CF0A-2F18-40F0-8A64-937ACAC85427}.Release|Any CPU.ActiveCfg = Release|x64
		{1EC1CF0A-2F18-40F0-8A64-937ACAC85427}.Release|Any CPU.Build.0 = Release|x64
		{1EC1CF0A-2F18-40F0-8A64-937ACAC85427}.Release|Any CPU.Deploy.0 = Release|x64
		{1EC1CF0A-2F18-40F0-8A64-937ACAC85427}.Release|ARM.ActiveCfg = Release|ARM
		{1EC1CF0A-2F18-40F0-8A64-937ACAC85427}.Release|ARM.Build.0 = Release|ARM
		{1EC1CF0A-2F18-40F0-8A64-937ACAC85427}.Release|ARM.Deploy.0 = Release|ARM
		{1EC1CF0A-2F18-40F0-8A64-937ACAC85427}.Release|x64.ActiveCfg = Release|x64
		{1EC1CF0A-2F18-40F0-8A64-937ACAC85427}.Release|x64.Build.0 = Release|x64
		{1EC1CF0A-2F18-40F0-8A64-937ACAC85427}.Release|x64.Deploy.0 = Release|x64
		{1EC1CF0A-2F18-40F0-8A64-937ACAC85427}.Release|x86.ActiveCfg = Release|x86
		{1EC1CF0A-2F18-40F0-8A64-937ACAC85427}.Release|x86.Build.0 = Release|x86
		{1EC1CF0A-2F18-40F0-8A64-937ACAC85427}.Release|x86.Deploy.0 = Release|x86
		{2A324B61-D151-4BC1-A9C6-C656FA885930}.Debug|Any CPU.ActiveCfg = Debug|Any CPU
		{2A324B61-D151-4BC1-A9C6-C656FA885930}.Debug|Any CPU.Build.0 = Debug|Any CPU
		{2A324B61-D151-4BC1-A9C6-C656FA885930}.Debug|Any CPU.Deploy.0 = Debug|Any CPU
		{2A324B61-D151-4BC1-A9C6-C656FA885930}.Debug|ARM.ActiveCfg = Debug|Any CPU
		{2A324B61-D151-4BC1-A9C6-C656FA885930}.Debug|ARM.Build.0 = Debug|Any CPU
		{2A324B61-D151-4BC1-A9C6-C656FA885930}.Debug|ARM.Deploy.0 = Debug|Any CPU
		{2A324B61-D151-4BC1-A9C6-C656FA885930}.Debug|x64.ActiveCfg = Debug|Any CPU
		{2A324B61-D151-4BC1-A9C6-C656FA885930}.Debug|x64.Build.0 = Debug|Any CPU
		{2A324B61-D151-4BC1-A9C6-C656FA885930}.Debug|x64.Deploy.0 = Debug|Any CPU
		{2A324B61-D151-4BC1-A9C6-C656FA885930}.Debug|x86.ActiveCfg = Debug|Any CPU
		{2A324B61-D151-4BC1-A9C6-C656FA885930}.Debug|x86.Build.0 = Debug|Any CPU
		{2A324B61-D151-4BC1-A9C6-C656FA885930}.Debug|x86.Deploy.0 = Debug|Any CPU
		{2A324B61-D151-4BC1-A9C6-C656FA885930}.Release|Any CPU.ActiveCfg = Release|Any CPU
		{2A324B61-D151-4BC1-A9C6-C656FA885930}.Release|Any CPU.Build.0 = Release|Any CPU
		{2A324B61-D151-4BC1-A9C6-C656FA885930}.Release|Any CPU.Deploy.0 = Release|Any CPU
		{2A324B61-D151-4BC1-A9C6-C656FA885930}.Release|ARM.ActiveCfg = Release|Any CPU
		{2A324B61-D151-4BC1-A9C6-C656FA885930}.Release|ARM.Build.0 = Release|Any CPU
		{2A324B61-D151-4BC1-A9C6-C656FA885930}.Release|ARM.Deploy.0 = Release|Any CPU
		{2A324B61-D151-4BC1-A9C6-C656FA885930}.Release|x64.ActiveCfg = Release|Any CPU
		{2A324B61-D151-4BC1-A9C6-C656FA885930}.Release|x64.Build.0 = Release|Any CPU
		{2A324B61-D151-4BC1-A9C6-C656FA885930}.Release|x64.Deploy.0 = Release|Any CPU
		{2A324B61-D151-4BC1-A9C6-C656FA885930}.Release|x86.ActiveCfg = Release|Any CPU
		{2A324B61-D151-4BC1-A9C6-C656FA885930}.Release|x86.Build.0 = Release|Any CPU
		{2A324B61-D151-4BC1-A9C6-C656FA885930}.Release|x86.Deploy.0 = Release|Any CPU
		{9A96FE7A-6541-4D84-A4E3-0DD4DC9F30A9}.Debug|Any CPU.ActiveCfg = Debug|Any CPU
		{9A96FE7A-6541-4D84-A4E3-0DD4DC9F30A9}.Debug|Any CPU.Build.0 = Debug|Any CPU
		{9A96FE7A-6541-4D84-A4E3-0DD4DC9F30A9}.Debug|Any CPU.Deploy.0 = Debug|Any CPU
		{9A96FE7A-6541-4D84-A4E3-0DD4DC9F30A9}.Debug|ARM.ActiveCfg = Debug|Any CPU
		{9A96FE7A-6541-4D84-A4E3-0DD4DC9F30A9}.Debug|ARM.Build.0 = Debug|Any CPU
		{9A96FE7A-6541-4D84-A4E3-0DD4DC9F30A9}.Debug|ARM.Deploy.0 = Debug|Any CPU
		{9A96FE7A-6541-4D84-A4E3-0DD4DC9F30A9}.Debug|x64.ActiveCfg = Debug|Any CPU
		{9A96FE7A-6541-4D84-A4E3-0DD4DC9F30A9}.Debug|x64.Build.0 = Debug|Any CPU
		{9A96FE7A-6541-4D84-A4E3-0DD4DC9F30A9}.Debug|x64.Deploy.0 = Debug|Any CPU
		{9A96FE7A-6541-4D84-A4E3-0DD4DC9F30A9}.Debug|x86.ActiveCfg = Debug|Any CPU
		{9A96FE7A-6541-4D84-A4E3-0DD4DC9F30A9}.Debug|x86.Build.0 = Debug|Any CPU
		{9A96FE7A-6541-4D84-A4E3-0DD4DC9F30A9}.Debug|x86.Deploy.0 = Debug|Any CPU
		{9A96FE7A-6541-4D84-A4E3-0DD4DC9F30A9}.Release|Any CPU.ActiveCfg = Release|Any CPU
		{9A96FE7A-6541-4D84-A4E3-0DD4DC9F30A9}.Release|Any CPU.Build.0 = Release|Any CPU
		{9A96FE7A-6541-4D84-A4E3-0DD4DC9F30A9}.Release|Any CPU.Deploy.0 = Release|Any CPU
		{9A96FE7A-6541-4D84-A4E3-0DD4DC9F30A9}.Release|ARM.ActiveCfg = Release|Any CPU
		{9A96FE7A-6541-4D84-A4E3-0DD4DC9F30A9}.Release|ARM.Build.0 = Release|Any CPU
		{9A96FE7A-6541-4D84-A4E3-0DD4DC9F30A9}.Release|ARM.Deploy.0 = Release|Any CPU
		{9A96FE7A-6541-4D84-A4E3-0DD4DC9F30A9}.Release|x64.ActiveCfg = Release|Any CPU
		{9A96FE7A-6541-4D84-A4E3-0DD4DC9F30A9}.Release|x64.Build.0 = Release|Any CPU
		{9A96FE7A-6541-4D84-A4E3-0DD4DC9F30A9}.Release|x64.Deploy.0 = Release|Any CPU
		{9A96FE7A-6541-4D84-A4E3-0DD4DC9F30A9}.Release|x86.ActiveCfg = Release|Any CPU
		{9A96FE7A-6541-4D84-A4E3-0DD4DC9F30A9}.Release|x86.Build.0 = Release|Any CPU
		{9A96FE7A-6541-4D84-A4E3-0DD4DC9F30A9}.Release|x86.Deploy.0 = Release|Any CPU
	EndGlobalSection
	GlobalSection(SolutionProperties) = preSolution
		HideSolutionNode = FALSE
	EndGlobalSection
	GlobalSection(ExtensibilityGlobals) = postSolution
		SolutionGuid = {C3789EA6-1159-4291-AB47-AB165C1BD9F7}
	EndGlobalSection
EndGlobal
